// !$*UTF8*$!
{
	archiveVersion = 1;
	classes = {
	};
	objectVersion = 50;
	objects = {

/* Begin PBXBuildFile section */
		CB630BCC2573E61D00EEE1F8 /* NewsTableViewCell.swift in Sources */ = {isa = PBXBuildFile; fileRef = CB630BCB2573E61D00EEE1F8 /* NewsTableViewCell.swift */; };
		CB630BCF2573F16000EEE1F8 /* NewsBrowserVC.swift in Sources */ = {isa = PBXBuildFile; fileRef = CB630BCE2573F16000EEE1F8 /* NewsBrowserVC.swift */; };
		CBD207872572533200412535 /* AppDelegate.swift in Sources */ = {isa = PBXBuildFile; fileRef = CBD207862572533200412535 /* AppDelegate.swift */; };
		CBD207892572533200412535 /* SceneDelegate.swift in Sources */ = {isa = PBXBuildFile; fileRef = CBD207882572533200412535 /* SceneDelegate.swift */; };
		CBD2078B2572533200412535 /* NewsVC.swift in Sources */ = {isa = PBXBuildFile; fileRef = CBD2078A2572533200412535 /* NewsVC.swift */; };
		CBD2078E2572533200412535 /* Main.storyboard in Resources */ = {isa = PBXBuildFile; fileRef = CBD2078C2572533200412535 /* Main.storyboard */; };
		CBD207902572533700412535 /* Assets.xcassets in Resources */ = {isa = PBXBuildFile; fileRef = CBD2078F2572533700412535 /* Assets.xcassets */; };
		CBD207932572533700412535 /* LaunchScreen.storyboard in Resources */ = {isa = PBXBuildFile; fileRef = CBD207912572533700412535 /* LaunchScreen.storyboard */; };
		CBD2079C2572538E00412535 /* Post.swift in Sources */ = {isa = PBXBuildFile; fileRef = CBD2079B2572538E00412535 /* Post.swift */; };
		CBD207A52572956700412535 /* Source.swift in Sources */ = {isa = PBXBuildFile; fileRef = CBD207A42572956700412535 /* Source.swift */; };
		CBD207A82572991B00412535 /* SourcesVC.swift in Sources */ = {isa = PBXBuildFile; fileRef = CBD207A72572991B00412535 /* SourcesVC.swift */; };
/* End PBXBuildFile section */

/* Begin PBXFileReference section */
		CB630BCB2573E61D00EEE1F8 /* NewsTableViewCell.swift */ = {isa = PBXFileReference; lastKnownFileType = sourcecode.swift; path = NewsTableViewCell.swift; sourceTree = "<group>"; };
		CB630BCE2573F16000EEE1F8 /* NewsBrowserVC.swift */ = {isa = PBXFileReference; lastKnownFileType = sourcecode.swift; path = NewsBrowserVC.swift; sourceTree = "<group>"; };
		CBD207832572533200412535 /* RSSReader.app */ = {isa = PBXFileReference; explicitFileType = wrapper.application; includeInIndex = 0; path = RSSReader.app; sourceTree = BUILT_PRODUCTS_DIR; };
		CBD207862572533200412535 /* AppDelegate.swift */ = {isa = PBXFileReference; lastKnownFileType = sourcecode.swift; path = AppDelegate.swift; sourceTree = "<group>"; };
		CBD207882572533200412535 /* SceneDelegate.swift */ = {isa = PBXFileReference; lastKnownFileType = sourcecode.swift; path = SceneDelegate.swift; sourceTree = "<group>"; };
		CBD2078A2572533200412535 /* NewsVC.swift */ = {isa = PBXFileReference; lastKnownFileType = sourcecode.swift; path = NewsVC.swift; sourceTree = "<group>"; };
		CBD2078D2572533200412535 /* Base */ = {isa = PBXFileReference; lastKnownFileType = file.storyboard; name = Base; path = Base.lproj/Main.storyboard; sourceTree = "<group>"; };
		CBD2078F2572533700412535 /* Assets.xcassets */ = {isa = PBXFileReference; lastKnownFileType = folder.assetcatalog; path = Assets.xcassets; sourceTree = "<group>"; };
		CBD207922572533700412535 /* Base */ = {isa = PBXFileReference; lastKnownFileType = file.storyboard; name = Base; path = Base.lproj/LaunchScreen.storyboard; sourceTree = "<group>"; };
		CBD207942572533700412535 /* Info.plist */ = {isa = PBXFileReference; lastKnownFileType = text.plist.xml; path = Info.plist; sourceTree = "<group>"; };
		CBD2079B2572538E00412535 /* Post.swift */ = {isa = PBXFileReference; lastKnownFileType = sourcecode.swift; path = Post.swift; sourceTree = "<group>"; };
		CBD207A42572956700412535 /* Source.swift */ = {isa = PBXFileReference; lastKnownFileType = sourcecode.swift; path = Source.swift; sourceTree = "<group>"; };
		CBD207A72572991B00412535 /* SourcesVC.swift */ = {isa = PBXFileReference; lastKnownFileType = sourcecode.swift; path = SourcesVC.swift; sourceTree = "<group>"; };
/* End PBXFileReference section */

/* Begin PBXFrameworksBuildPhase section */
		CBD207802572533200412535 /* Frameworks */ = {
			isa = PBXFrameworksBuildPhase;
			buildActionMask = 2147483647;
			files = (
			);
			runOnlyForDeploymentPostprocessing = 0;
		};
/* End PBXFrameworksBuildPhase section */

/* Begin PBXGroup section */
		CBD2077A2572533200412535 = {
			isa = PBXGroup;
			children = (
				CBD207852572533200412535 /* RSSReader */,
				CBD207842572533200412535 /* Products */,
			);
			sourceTree = "<group>";
		};
		CBD207842572533200412535 /* Products */ = {
			isa = PBXGroup;
			children = (
				CBD207832572533200412535 /* RSSReader.app */,
			);
			name = Products;
			sourceTree = "<group>";
		};
		CBD207852572533200412535 /* RSSReader */ = {
			isa = PBXGroup;
			children = (
				CBD207862572533200412535 /* AppDelegate.swift */,
				CBD207882572533200412535 /* SceneDelegate.swift */,
				CBD2078A2572533200412535 /* NewsVC.swift */,
				CBD2078C2572533200412535 /* Main.storyboard */,
				CBD2078F2572533700412535 /* Assets.xcassets */,
				CBD207912572533700412535 /* LaunchScreen.storyboard */,
				CBD207942572533700412535 /* Info.plist */,
				CBD2079B2572538E00412535 /* Post.swift */,
				CBD207A42572956700412535 /* Source.swift */,
				CBD207A72572991B00412535 /* SourcesVC.swift */,
				CB630BCB2573E61D00EEE1F8 /* NewsTableViewCell.swift */,
				CB630BCE2573F16000EEE1F8 /* NewsBrowserVC.swift */,
			);
			path = RSSReader;
			sourceTree = "<group>";
		};
/* End PBXGroup section */

/* Begin PBXNativeTarget section */
		CBD207822572533200412535 /* RSSReader */ = {
			isa = PBXNativeTarget;
			buildConfigurationList = CBD207972572533700412535 /* Build configuration list for PBXNativeTarget "RSSReader" */;
			buildPhases = (
				CBD2077F2572533200412535 /* Sources */,
				CBD207802572533200412535 /* Frameworks */,
				CBD207812572533200412535 /* Resources */,
			);
			buildRules = (
			);
			dependencies = (
			);
			name = RSSReader;
			productName = Lab_2;
			productReference = CBD207832572533200412535 /* RSSReader.app */;
			productType = "com.apple.product-type.application";
		};
/* End PBXNativeTarget section */

/* Begin PBXProject section */
		CBD2077B2572533200412535 /* Project object */ = {
			isa = PBXProject;
			attributes = {
				LastSwiftUpdateCheck = 1220;
				LastUpgradeCheck = 1220;
				TargetAttributes = {
					CBD207822572533200412535 = {
						CreatedOnToolsVersion = 12.2;
					};
				};
			};
			buildConfigurationList = CBD2077E2572533200412535 /* Build configuration list for PBXProject "RSSReader" */;
			compatibilityVersion = "Xcode 9.3";
			developmentRegion = en;
			hasScannedForEncodings = 0;
			knownRegions = (
				en,
				Base,
			);
			mainGroup = CBD2077A2572533200412535;
			productRefGroup = CBD207842572533200412535 /* Products */;
			projectDirPath = "";
			projectRoot = "";
			targets = (
				CBD207822572533200412535 /* RSSReader */,
			);
		};
/* End PBXProject section */

/* Begin PBXResourcesBuildPhase section */
		CBD207812572533200412535 /* Resources */ = {
			isa = PBXResourcesBuildPhase;
			buildActionMask = 2147483647;
			files = (
				CBD207932572533700412535 /* LaunchScreen.storyboard in Resources */,
				CBD207902572533700412535 /* Assets.xcassets in Resources */,
				CBD2078E2572533200412535 /* Main.storyboard in Resources */,
			);
			runOnlyForDeploymentPostprocessing = 0;
		};
/* End PBXResourcesBuildPhase section */

/* Begin PBXSourcesBuildPhase section */
		CBD2077F2572533200412535 /* Sources */ = {
			isa = PBXSourcesBuildPhase;
			buildActionMask = 2147483647;
			files = (
				CB630BCF2573F16000EEE1F8 /* NewsBrowserVC.swift in Sources */,
				CBD207A52572956700412535 /* Source.swift in Sources */,
				CBD2078B2572533200412535 /* NewsVC.swift in Sources */,
				CB630BCC2573E61D00EEE1F8 /* NewsTableViewCell.swift in Sources */,
				CBD207872572533200412535 /* AppDelegate.swift in Sources */,
				CBD207892572533200412535 /* SceneDelegate.swift in Sources */,
				CBD207A82572991B00412535 /* SourcesVC.swift in Sources */,
				CBD2079C2572538E00412535 /* Post.swift in Sources */,
			);
			runOnlyForDeploymentPostprocessing = 0;
		};
/* End PBXSourcesBuildPhase section */

/* Begin PBXVariantGroup section */
		CBD2078C2572533200412535 /* Main.storyboard */ = {
			isa = PBXVariantGroup;
			children = (
				CBD2078D2572533200412535 /* Base */,
			);
			name = Main.storyboard;
			sourceTree = "<group>";
		};
		CBD207912572533700412535 /* LaunchScreen.storyboard */ = {
			isa = PBXVariantGroup;
			children = (
				CBD207922572533700412535 /* Base */,
			);
			name = LaunchScreen.storyboard;
			sourceTree = "<group>";
		};
/* End PBXVariantGroup section */

/* Begin XCBuildConfiguration section */
		CBD207952572533700412535 /* Debug */ = {
			isa = XCBuildConfiguration;
			buildSettings = {
				ALWAYS_SEARCH_USER_PATHS = NO;
				CLANG_ANALYZER_NONNULL = YES;
				CLANG_ANALYZER_NUMBER_OBJECT_CONVERSION = YES_AGGRESSIVE;
				CLANG_CXX_LANGUAGE_STANDARD = "gnu++14";
				CLANG_CXX_LIBRARY = "libc++";
				CLANG_ENABLE_MODULES = YES;
				CLANG_ENABLE_OBJC_ARC = YES;
				CLANG_ENABLE_OBJC_WEAK = YES;
				CLANG_WARN_BLOCK_CAPTURE_AUTORELEASING = YES;
				CLANG_WARN_BOOL_CONVERSION = YES;
				CLANG_WARN_COMMA = YES;
				CLANG_WARN_CONSTANT_CONVERSION = YES;
				CLANG_WARN_DEPRECATED_OBJC_IMPLEMENTATIONS = YES;
				CLANG_WARN_DIRECT_OBJC_ISA_USAGE = YES_ERROR;
				CLANG_WARN_DOCUMENTATION_COMMENTS = YES;
				CLANG_WARN_EMPTY_BODY = YES;
				CLANG_WARN_ENUM_CONVERSION = YES;
				CLANG_WARN_INFINITE_RECURSION = YES;
				CLANG_WARN_INT_CONVERSION = YES;
				CLANG_WARN_NON_LITERAL_NULL_CONVERSION = YES;
				CLANG_WARN_OBJC_IMPLICIT_RETAIN_SELF = YES;
				CLANG_WARN_OBJC_LITERAL_CONVERSION = YES;
				CLANG_WARN_OBJC_ROOT_CLASS = YES_ERROR;
				CLANG_WARN_QUOTED_INCLUDE_IN_FRAMEWORK_HEADER = YES;
				CLANG_WARN_RANGE_LOOP_ANALYSIS = YES;
				CLANG_WARN_STRICT_PROTOTYPES = YES;
				CLANG_WARN_SUSPICIOUS_MOVE = YES;
				CLANG_WARN_UNGUARDED_AVAILABILITY = YES_AGGRESSIVE;
				CLANG_WARN_UNREACHABLE_CODE = YES;
				CLANG_WARN__DUPLICATE_METHOD_MATCH = YES;
				COPY_PHASE_STRIP = NO;
				DEBUG_INFORMATION_FORMAT = dwarf;
				ENABLE_STRICT_OBJC_MSGSEND = YES;
				ENABLE_TESTABILITY = YES;
				GCC_C_LANGUAGE_STANDARD = gnu11;
				GCC_DYNAMIC_NO_PIC = NO;
				GCC_NO_COMMON_BLOCKS = YES;
				GCC_OPTIMIZATION_LEVEL = 0;
				GCC_PREPROCESSOR_DEFINITIONS = (
					"DEBUG=1",
					"$(inherited)",
				);
				GCC_WARN_64_TO_32_BIT_CONVERSION = YES;
				GCC_WARN_ABOUT_RETURN_TYPE = YES_ERROR;
				GCC_WARN_UNDECLARED_SELECTOR = YES;
				GCC_WARN_UNINITIALIZED_AUTOS = YES_AGGRESSIVE;
				GCC_WARN_UNUSED_FUNCTION = YES;
				GCC_WARN_UNUSED_VARIABLE = YES;
				IPHONEOS_DEPLOYMENT_TARGET = 14.2;
				MTL_ENABLE_DEBUG_INFO = INCLUDE_SOURCE;
				MTL_FAST_MATH = YES;
				ONLY_ACTIVE_ARCH = YES;
				SDKROOT = iphoneos;
				SWIFT_ACTIVE_COMPILATION_CONDITIONS = DEBUG;
				SWIFT_OPTIMIZATION_LEVEL = "-Onone";
			};
			name = Debug;
		};
		CBD207962572533700412535 /* Release */ = {
			isa = XCBuildConfiguration;
			buildSettings = {
				ALWAYS_SEARCH_USER_PATHS = NO;
				CLANG_ANALYZER_NONNULL = YES;
				CLANG_ANALYZER_NUMBER_OBJECT_CONVERSION = YES_AGGRESSIVE;
				CLANG_CXX_LANGUAGE_STANDARD = "gnu++14";
				CLANG_CXX_LIBRARY = "libc++";
				CLANG_ENABLE_MODULES = YES;
				CLANG_ENABLE_OBJC_ARC = YES;
				CLANG_ENABLE_OBJC_WEAK = YES;
				CLANG_WARN_BLOCK_CAPTURE_AUTORELEASING = YES;
				CLANG_WARN_BOOL_CONVERSION = YES;
				CLANG_WARN_COMMA = YES;
				CLANG_WARN_CONSTANT_CONVERSION = YES;
				CLANG_WARN_DEPRECATED_OBJC_IMPLEMENTATIONS = YES;
				CLANG_WARN_DIRECT_OBJC_ISA_USAGE = YES_ERROR;
				CLANG_WARN_DOCUMENTATION_COMMENTS = YES;
				CLANG_WARN_EMPTY_BODY = YES;
				CLANG_WARN_ENUM_CONVERSION = YES;
				CLANG_WARN_INFINITE_RECURSION = YES;
				CLANG_WARN_INT_CONVERSION = YES;
				CLANG_WARN_NON_LITERAL_NULL_CONVERSION = YES;
				CLANG_WARN_OBJC_IMPLICIT_RETAIN_SELF = YES;
				CLANG_WARN_OBJC_LITERAL_CONVERSION = YES;
				CLANG_WARN_OBJC_ROOT_CLASS = YES_ERROR;
				CLANG_WARN_QUOTED_INCLUDE_IN_FRAMEWORK_HEADER = YES;
				CLANG_WARN_RANGE_LOOP_ANALYSIS = YES;
				CLANG_WARN_STRICT_PROTOTYPES = YES;
				CLANG_WARN_SUSPICIOUS_MOVE = YES;
				CLANG_WARN_UNGUARDED_AVAILABILITY = YES_AGGRESSIVE;
				CLANG_WARN_UNREACHABLE_CODE = YES;
				CLANG_WARN__DUPLICATE_METHOD_MATCH = YES;
				COPY_PHASE_STRIP = NO;
				DEBUG_INFORMATION_FORMAT = "dwarf-with-dsym";
				ENABLE_NS_ASSERTIONS = NO;
				ENABLE_STRICT_OBJC_MSGSEND = YES;
				GCC_C_LANGUAGE_STANDARD = gnu11;
				GCC_NO_COMMON_BLOCKS = YES;
				GCC_WARN_64_TO_32_BIT_CONVERSION = YES;
				GCC_WARN_ABOUT_RETURN_TYPE = YES_ERROR;
				GCC_WARN_UNDECLARED_SELECTOR = YES;
				GCC_WARN_UNINITIALIZED_AUTOS = YES_AGGRESSIVE;
				GCC_WARN_UNUSED_FUNCTION = YES;
				GCC_WARN_UNUSED_VARIABLE = YES;
				IPHONEOS_DEPLOYMENT_TARGET = 14.2;
				MTL_ENABLE_DEBUG_INFO = NO;
				MTL_FAST_MATH = YES;
				SDKROOT = iphoneos;
				SWIFT_COMPILATION_MODE = wholemodule;
				SWIFT_OPTIMIZATION_LEVEL = "-O";
				VALIDATE_PRODUCT = YES;
			};
			name = Release;
		};
		CBD207982572533700412535 /* Debug */ = {
			isa = XCBuildConfiguration;
			buildSettings = {
				ASSETCATALOG_COMPILER_APPICON_NAME = AppIcon;
				ASSETCATALOG_COMPILER_GLOBAL_ACCENT_COLOR_NAME = AccentColor;
				CODE_SIGN_STYLE = Automatic;
				DEVELOPMENT_TEAM = NWU3UR5FK7;
				INFOPLIST_FILE = RSSReader/Info.plist;
				LD_RUNPATH_SEARCH_PATHS = (
					"$(inherited)",
					"@executable_path/Frameworks",
				);
				PRODUCT_BUNDLE_IDENTIFIER = "yakubets-v.RSSReader";
				PRODUCT_NAME = "$(TARGET_NAME)";
				SWIFT_VERSION = 5.0;
				TARGETED_DEVICE_FAMILY = "1,2";
			};
			name = Debug;
		};
		CBD207992572533700412535 /* Release */ = {
			isa = XCBuildConfiguration;
			buildSettings = {
				ASSETCATALOG_COMPILER_APPICON_NAME = AppIcon;
				ASSETCATALOG_COMPILER_GLOBAL_ACCENT_COLOR_NAME = AccentColor;
				CODE_SIGN_STYLE = Automatic;
				DEVELOPMENT_TEAM = NWU3UR5FK7;
				INFOPLIST_FILE = RSSReader/Info.plist;
				LD_RUNPATH_SEARCH_PATHS = (
					"$(inherited)",
					"@executable_path/Frameworks",
				);
				PRODUCT_BUNDLE_IDENTIFIER = "yakubets-v.RSSReader";
				PRODUCT_NAME = "$(TARGET_NAME)";
				SWIFT_VERSION = 5.0;
				TARGETED_DEVICE_FAMILY = "1,2";
			};
			name = Release;
		};
/* End XCBuildConfiguration section */

/* Begin XCConfigurationList section */
		CBD2077E2572533200412535 /* Build configuration list for PBXProject "RSSReader" */ = {
			isa = XCConfigurationList;
			buildConfigurations = (
				CBD207952572533700412535 /* Debug */,
				CBD207962572533700412535 /* Release */,
			);
			defaultConfigurationIsVisible = 0;
			defaultConfigurationName = Release;
		};
		CBD207972572533700412535 /* Build configuration list for PBXNativeTarget "RSSReader" */ = {
			isa = XCConfigurationList;
			buildConfigurations = (
				CBD207982572533700412535 /* Debug */,
				CBD207992572533700412535 /* Release */,
			);
			defaultConfigurationIsVisible = 0;
			defaultConfigurationName = Release;
		};
/* End XCConfigurationList section */
	};
	rootObject = CBD2077B2572533200412535 /* Project object */;
}
